// !$*UTF8*$!
{
	archiveVersion = 1;
	classes = {
	};
	objectVersion = 50;
	objects = {

/* Begin PBXBuildFile section */
		3B0C9C8026B9812600842AFC /* Interface.storyboard in Resources */ = {isa = PBXBuildFile; fileRef = 3B0C9C7E26B9812600842AFC /* Interface.storyboard */; };
		3B0C9C8226B9812800842AFC /* Assets.xcassets in Resources */ = {isa = PBXBuildFile; fileRef = 3B0C9C8126B9812800842AFC /* Assets.xcassets */; };
		3B0C9C8826B9812800842AFC /* WatchLandmarks Extension.appex in Embed App Extensions */ = {isa = PBXBuildFile; fileRef = 3B0C9C8726B9812800842AFC /* WatchLandmarks Extension.appex */; settings = {ATTRIBUTES = (RemoveHeadersOnCopy, ); }; };
		3B0C9C9126B9812800842AFC /* NotificationController.swift in Sources */ = {isa = PBXBuildFile; fileRef = 3B0C9C9026B9812800842AFC /* NotificationController.swift */; };
		3B0C9C9326B9812800842AFC /* ComplicationController.swift in Sources */ = {isa = PBXBuildFile; fileRef = 3B0C9C9226B9812800842AFC /* ComplicationController.swift */; };
		3B0C9C9526B9812900842AFC /* Assets.xcassets in Resources */ = {isa = PBXBuildFile; fileRef = 3B0C9C9426B9812900842AFC /* Assets.xcassets */; };
		3B0C9C9A26B9812900842AFC /* WatchLandmarks.app in Embed Watch Content */ = {isa = PBXBuildFile; fileRef = 3B0C9C7C26B9812600842AFC /* WatchLandmarks.app */; settings = {ATTRIBUTES = (RemoveHeadersOnCopy, ); }; };
		3B0C9CA326B983B200842AFC /* CircleImage.swift in Sources */ = {isa = PBXBuildFile; fileRef = 3BEE851526A835DE00AFC101 /* CircleImage.swift */; };
		3B0C9CA426B983B200842AFC /* ModelData.swift in Sources */ = {isa = PBXBuildFile; fileRef = 3BEE851D26A83E3600AFC101 /* ModelData.swift */; };
		3B0C9CA526B983B200842AFC /* MapView.swift in Sources */ = {isa = PBXBuildFile; fileRef = 3BEE851726A8368E00AFC101 /* MapView.swift */; };
		3B0C9CA626B983B200842AFC /* Profile.swift in Sources */ = {isa = PBXBuildFile; fileRef = 3B22B32D26B2E6DE00FC69C1 /* Profile.swift */; };
		3B0C9CA726B983B200842AFC /* Landmark.swift in Sources */ = {isa = PBXBuildFile; fileRef = 3BEE851B26A83C7400AFC101 /* Landmark.swift */; };
		3B0C9CA826B983B200842AFC /* hikeData.json in Resources */ = {isa = PBXBuildFile; fileRef = 3BA8EF3E26AF087100CE1AA0 /* hikeData.json */; };
		3B0C9CA926B983B200842AFC /* landmarkData.json in Resources */ = {isa = PBXBuildFile; fileRef = 3BEE851926A83C6100AFC101 /* landmarkData.json */; };
		3B0C9CAA26B983B200842AFC /* Assets.xcassets in Resources */ = {isa = PBXBuildFile; fileRef = 3BEE850A26A8279100AFC101 /* Assets.xcassets */; };
		3B0C9CAB26B983B200842AFC /* LandmarkRow.swift in Sources */ = {isa = PBXBuildFile; fileRef = 3BEE852626A840AE00AFC101 /* LandmarkRow.swift */; };
		3B0C9CAD26B983B200842AFC /* LandmarksApp.swift in Sources */ = {isa = PBXBuildFile; fileRef = 3BEE850626A8278F00AFC101 /* LandmarksApp.swift */; };
		3B0C9CAE26B983B200842AFC /* Hike.swift in Sources */ = {isa = PBXBuildFile; fileRef = 3BA8EF4026AF088400CE1AA0 /* Hike.swift */; };
		3B0C9CB026B9854A00842AFC /* LandmarkDetail.swift in Sources */ = {isa = PBXBuildFile; fileRef = 3B0C9CAF26B9854A00842AFC /* LandmarkDetail.swift */; };
		3B0C9CB226B9867200842AFC /* ContentView.swift in Sources */ = {isa = PBXBuildFile; fileRef = 3B0C9CB126B9867200842AFC /* ContentView.swift */; };
		3B164F6626BBFF7100716390 /* LandmarkSettings.swift in Sources */ = {isa = PBXBuildFile; fileRef = 3B164F6526BBFF7100716390 /* LandmarkSettings.swift */; };
		3B21FBA426B98CA3009B28B0 /* NotificationView.swift in Sources */ = {isa = PBXBuildFile; fileRef = 3B21FBA326B98CA3009B28B0 /* NotificationView.swift */; };
		3B21FBAF26BADBE2009B28B0 /* ContentView.swift in Sources */ = {isa = PBXBuildFile; fileRef = 3B21FBAE26BADBE2009B28B0 /* ContentView.swift */; };
		3B21FBB126BADBE4009B28B0 /* Assets.xcassets in Resources */ = {isa = PBXBuildFile; fileRef = 3B21FBB026BADBE4009B28B0 /* Assets.xcassets */; };
		3B21FBB426BADBE4009B28B0 /* Preview Assets.xcassets in Resources */ = {isa = PBXBuildFile; fileRef = 3B21FBB326BADBE4009B28B0 /* Preview Assets.xcassets */; };
		3B21FBB826BADC6F009B28B0 /* LandmarksApp.swift in Sources */ = {isa = PBXBuildFile; fileRef = 3BEE850626A8278F00AFC101 /* LandmarksApp.swift */; };
		3B21FBB926BADC6F009B28B0 /* MapView.swift in Sources */ = {isa = PBXBuildFile; fileRef = 3BEE851726A8368E00AFC101 /* MapView.swift */; };
		3B21FBBA26BADC6F009B28B0 /* Hike.swift in Sources */ = {isa = PBXBuildFile; fileRef = 3BA8EF4026AF088400CE1AA0 /* Hike.swift */; };
		3B21FBBB26BADC6F009B28B0 /* Assets.xcassets in Resources */ = {isa = PBXBuildFile; fileRef = 3BEE850A26A8279100AFC101 /* Assets.xcassets */; };
		3B21FBBC26BADC6F009B28B0 /* LandmarkRow.swift in Sources */ = {isa = PBXBuildFile; fileRef = 3BEE852626A840AE00AFC101 /* LandmarkRow.swift */; };
		3B21FBBD26BADC6F009B28B0 /* FavoriteButton.swift in Sources */ = {isa = PBXBuildFile; fileRef = 3B7F575826A870A200423F03 /* FavoriteButton.swift */; };
		3B21FBBE26BADC6F009B28B0 /* Profile.swift in Sources */ = {isa = PBXBuildFile; fileRef = 3B22B32D26B2E6DE00FC69C1 /* Profile.swift */; };
		3B21FBBF26BADC6F009B28B0 /* ModelData.swift in Sources */ = {isa = PBXBuildFile; fileRef = 3BEE851D26A83E3600AFC101 /* ModelData.swift */; };
		3B21FBC026BADC6F009B28B0 /* LandmarkList.swift in Sources */ = {isa = PBXBuildFile; fileRef = 3B7F575426A845CC00423F03 /* LandmarkList.swift */; };
		3B21FBC126BADC6F009B28B0 /* CircleImage.swift in Sources */ = {isa = PBXBuildFile; fileRef = 3BEE851526A835DE00AFC101 /* CircleImage.swift */; };
		3B21FBC226BADC6F009B28B0 /* Landmark.swift in Sources */ = {isa = PBXBuildFile; fileRef = 3BEE851B26A83C7400AFC101 /* Landmark.swift */; };
		3B21FBC326BADC6F009B28B0 /* hikeData.json in Resources */ = {isa = PBXBuildFile; fileRef = 3BA8EF3E26AF087100CE1AA0 /* hikeData.json */; };
		3B21FBC426BADC6F009B28B0 /* landmarkData.json in Resources */ = {isa = PBXBuildFile; fileRef = 3BEE851926A83C6100AFC101 /* landmarkData.json */; };
		3B21FBC626BADE13009B28B0 /* LandmarkDetail.swift in Sources */ = {isa = PBXBuildFile; fileRef = 3B21FBC526BADE13009B28B0 /* LandmarkDetail.swift */; };
		3B21FBC826BAE4C7009B28B0 /* LandmarkList.swift in Sources */ = {isa = PBXBuildFile; fileRef = 3B21FBC726BAE4C7009B28B0 /* LandmarkList.swift */; };
		3B21FBCB26BAF196009B28B0 /* LandmarkCommands.swift in Sources */ = {isa = PBXBuildFile; fileRef = 3B21FBC926BAF196009B28B0 /* LandmarkCommands.swift */; };
		3B21FBCC26BB01D4009B28B0 /* LandmarkCommands.swift in Sources */ = {isa = PBXBuildFile; fileRef = 3B21FBC926BAF196009B28B0 /* LandmarkCommands.swift */; };
		3B22B32E26B2E6DE00FC69C1 /* Profile.swift in Sources */ = {isa = PBXBuildFile; fileRef = 3B22B32D26B2E6DE00FC69C1 /* Profile.swift */; };
		3B22B33026B2E71500FC69C1 /* ProfileHost.swift in Sources */ = {isa = PBXBuildFile; fileRef = 3B22B32F26B2E71500FC69C1 /* ProfileHost.swift */; };
		3B22B33226B2E72F00FC69C1 /* ProfileSummary.swift in Sources */ = {isa = PBXBuildFile; fileRef = 3B22B33126B2E72F00FC69C1 /* ProfileSummary.swift */; };
		3B22B33426B2E82300FC69C1 /* HikeBadge.swift in Sources */ = {isa = PBXBuildFile; fileRef = 3B22B33326B2E82300FC69C1 /* HikeBadge.swift */; };
		3B22B37126B6F72000FC69C1 /* ProfileEditor.swift in Sources */ = {isa = PBXBuildFile; fileRef = 3B22B37026B6F72000FC69C1 /* ProfileEditor.swift */; };
		3B7F575526A845CC00423F03 /* LandmarkList.swift in Sources */ = {isa = PBXBuildFile; fileRef = 3B7F575426A845CC00423F03 /* LandmarkList.swift */; };
		3B7F575726A85FCA00423F03 /* LandmarkDetail.swift in Sources */ = {isa = PBXBuildFile; fileRef = 3B7F575626A85FCA00423F03 /* LandmarkDetail.swift */; };
		3B7F575926A870A200423F03 /* FavoriteButton.swift in Sources */ = {isa = PBXBuildFile; fileRef = 3B7F575826A870A200423F03 /* FavoriteButton.swift */; };
		3B973BB326B84C5500A75C14 /* PageViewController.swift in Sources */ = {isa = PBXBuildFile; fileRef = 3B973BB226B84C5500A75C14 /* PageViewController.swift */; };
		3B973BB526B84EE000A75C14 /* FeatureCard.swift in Sources */ = {isa = PBXBuildFile; fileRef = 3B973BB426B84EE000A75C14 /* FeatureCard.swift */; };
		3BA344AA26B85014004C1651 /* PageView.swift in Sources */ = {isa = PBXBuildFile; fileRef = 3BA344A926B85014004C1651 /* PageView.swift */; };
		3BA344AC26B8586A004C1651 /* PageControl.swift in Sources */ = {isa = PBXBuildFile; fileRef = 3BA344AB26B8586A004C1651 /* PageControl.swift */; };
		3BA8EF3226ADBD7F00CE1AA0 /* HexagonParameters.swift in Sources */ = {isa = PBXBuildFile; fileRef = 3BA8EF3126ADBD7F00CE1AA0 /* HexagonParameters.swift */; };
		3BA8EF3426ADC0CB00CE1AA0 /* BadgeBackground.swift in Sources */ = {isa = PBXBuildFile; fileRef = 3BA8EF3326ADC0CB00CE1AA0 /* BadgeBackground.swift */; };
		3BA8EF3626AEFFF300CE1AA0 /* BadgeSymbol.swift in Sources */ = {isa = PBXBuildFile; fileRef = 3BA8EF3526AEFFF300CE1AA0 /* BadgeSymbol.swift */; };
		3BA8EF3A26AF01F800CE1AA0 /* RotatedBadgeSymbol.swift in Sources */ = {isa = PBXBuildFile; fileRef = 3BA8EF3926AF01F800CE1AA0 /* RotatedBadgeSymbol.swift */; };
		3BA8EF3C26AF02B000CE1AA0 /* Badge.swift in Sources */ = {isa = PBXBuildFile; fileRef = 3BA8EF3B26AF02B000CE1AA0 /* Badge.swift */; };
		3BA8EF3F26AF087100CE1AA0 /* hikeData.json in Resources */ = {isa = PBXBuildFile; fileRef = 3BA8EF3E26AF087100CE1AA0 /* hikeData.json */; };
		3BA8EF4126AF088400CE1AA0 /* Hike.swift in Sources */ = {isa = PBXBuildFile; fileRef = 3BA8EF4026AF088400CE1AA0 /* Hike.swift */; };
		3BA8EF4726AF094800CE1AA0 /* GraphCapsule.swift in Sources */ = {isa = PBXBuildFile; fileRef = 3BA8EF4326AF094800CE1AA0 /* GraphCapsule.swift */; };
		3BA8EF4826AF094800CE1AA0 /* HikeGraph.swift in Sources */ = {isa = PBXBuildFile; fileRef = 3BA8EF4426AF094800CE1AA0 /* HikeGraph.swift */; };
		3BA8EF4926AF094800CE1AA0 /* HikeDetail.swift in Sources */ = {isa = PBXBuildFile; fileRef = 3BA8EF4526AF094800CE1AA0 /* HikeDetail.swift */; };
		3BA8EF4A26AF094800CE1AA0 /* HikeView.swift in Sources */ = {isa = PBXBuildFile; fileRef = 3BA8EF4626AF094800CE1AA0 /* HikeView.swift */; };
		3BA8EF4C26B2CF7C00CE1AA0 /* CategoryHome.swift in Sources */ = {isa = PBXBuildFile; fileRef = 3BA8EF4B26B2CF7C00CE1AA0 /* CategoryHome.swift */; };
		3BA8EF4E26B2D4F400CE1AA0 /* CategoryRow.swift in Sources */ = {isa = PBXBuildFile; fileRef = 3BA8EF4D26B2D4F400CE1AA0 /* CategoryRow.swift */; };
		3BA8EF5026B2D67900CE1AA0 /* CategoryItem.swift in Sources */ = {isa = PBXBuildFile; fileRef = 3BA8EF4F26B2D67900CE1AA0 /* CategoryItem.swift */; };
		3BEE850726A8278F00AFC101 /* LandmarksApp.swift in Sources */ = {isa = PBXBuildFile; fileRef = 3BEE850626A8278F00AFC101 /* LandmarksApp.swift */; };
		3BEE850926A8278F00AFC101 /* ContentView.swift in Sources */ = {isa = PBXBuildFile; fileRef = 3BEE850826A8278F00AFC101 /* ContentView.swift */; };
		3BEE850B26A8279100AFC101 /* Assets.xcassets in Resources */ = {isa = PBXBuildFile; fileRef = 3BEE850A26A8279100AFC101 /* Assets.xcassets */; };
		3BEE850E26A8279100AFC101 /* Preview Assets.xcassets in Resources */ = {isa = PBXBuildFile; fileRef = 3BEE850D26A8279100AFC101 /* Preview Assets.xcassets */; };
		3BEE851626A835DE00AFC101 /* CircleImage.swift in Sources */ = {isa = PBXBuildFile; fileRef = 3BEE851526A835DE00AFC101 /* CircleImage.swift */; };
		3BEE851826A8368E00AFC101 /* MapView.swift in Sources */ = {isa = PBXBuildFile; fileRef = 3BEE851726A8368E00AFC101 /* MapView.swift */; };
		3BEE851A26A83C6100AFC101 /* landmarkData.json in Resources */ = {isa = PBXBuildFile; fileRef = 3BEE851926A83C6100AFC101 /* landmarkData.json */; };
		3BEE851C26A83C7400AFC101 /* Landmark.swift in Sources */ = {isa = PBXBuildFile; fileRef = 3BEE851B26A83C7400AFC101 /* Landmark.swift */; };
		3BEE851E26A83E3600AFC101 /* ModelData.swift in Sources */ = {isa = PBXBuildFile; fileRef = 3BEE851D26A83E3600AFC101 /* ModelData.swift */; };
		3BEE852726A840AE00AFC101 /* LandmarkRow.swift in Sources */ = {isa = PBXBuildFile; fileRef = 3BEE852626A840AE00AFC101 /* LandmarkRow.swift */; };
/* End PBXBuildFile section */

/* Begin PBXContainerItemProxy section */
		3B0C9C8926B9812800842AFC /* PBXContainerItemProxy */ = {
			isa = PBXContainerItemProxy;
			containerPortal = 3BEE84FB26A8278F00AFC101 /* Project object */;
			proxyType = 1;
			remoteGlobalIDString = 3B0C9C8626B9812800842AFC;
			remoteInfo = "WatchLandmarks Extension";
		};
		3B0C9C9826B9812900842AFC /* PBXContainerItemProxy */ = {
			isa = PBXContainerItemProxy;
			containerPortal = 3BEE84FB26A8278F00AFC101 /* Project object */;
			proxyType = 1;
			remoteGlobalIDString = 3B0C9C7B26B9812600842AFC;
			remoteInfo = WatchLandmarks;
		};
/* End PBXContainerItemProxy section */

/* Begin PBXCopyFilesBuildPhase section */
		3B0C9C9B26B9812900842AFC /* Embed Watch Content */ = {
			isa = PBXCopyFilesBuildPhase;
			buildActionMask = 2147483647;
			dstPath = "$(CONTENTS_FOLDER_PATH)/Watch";
			dstSubfolderSpec = 16;
			files = (
				3B0C9C9A26B9812900842AFC /* WatchLandmarks.app in Embed Watch Content */,
			);
			name = "Embed Watch Content";
			runOnlyForDeploymentPostprocessing = 0;
		};
		3B0C9C9E26B9812900842AFC /* Embed App Extensions */ = {
			isa = PBXCopyFilesBuildPhase;
			buildActionMask = 2147483647;
			dstPath = "";
			dstSubfolderSpec = 13;
			files = (
				3B0C9C8826B9812800842AFC /* WatchLandmarks Extension.appex in Embed App Extensions */,
			);
			name = "Embed App Extensions";
			runOnlyForDeploymentPostprocessing = 0;
		};
/* End PBXCopyFilesBuildPhase section */

/* Begin PBXFileReference section */
		3B0C9C7C26B9812600842AFC /* WatchLandmarks.app */ = {isa = PBXFileReference; explicitFileType = wrapper.application; includeInIndex = 0; path = WatchLandmarks.app; sourceTree = BUILT_PRODUCTS_DIR; };
		3B0C9C7F26B9812600842AFC /* Base */ = {isa = PBXFileReference; lastKnownFileType = file.storyboard; name = Base; path = Base.lproj/Interface.storyboard; sourceTree = "<group>"; };
		3B0C9C8126B9812800842AFC /* Assets.xcassets */ = {isa = PBXFileReference; lastKnownFileType = folder.assetcatalog; path = Assets.xcassets; sourceTree = "<group>"; };
		3B0C9C8726B9812800842AFC /* WatchLandmarks Extension.appex */ = {isa = PBXFileReference; explicitFileType = "wrapper.app-extension"; includeInIndex = 0; path = "WatchLandmarks Extension.appex"; sourceTree = BUILT_PRODUCTS_DIR; };
		3B0C9C9026B9812800842AFC /* NotificationController.swift */ = {isa = PBXFileReference; lastKnownFileType = sourcecode.swift; path = NotificationController.swift; sourceTree = "<group>"; };
		3B0C9C9226B9812800842AFC /* ComplicationController.swift */ = {isa = PBXFileReference; lastKnownFileType = sourcecode.swift; path = ComplicationController.swift; sourceTree = "<group>"; };
		3B0C9C9426B9812900842AFC /* Assets.xcassets */ = {isa = PBXFileReference; lastKnownFileType = folder.assetcatalog; path = Assets.xcassets; sourceTree = "<group>"; };
		3B0C9C9626B9812900842AFC /* Info.plist */ = {isa = PBXFileReference; lastKnownFileType = text.plist.xml; path = Info.plist; sourceTree = "<group>"; };
		3B0C9C9726B9812900842AFC /* PushNotificationPayload.apns */ = {isa = PBXFileReference; lastKnownFileType = text; path = PushNotificationPayload.apns; sourceTree = "<group>"; };
		3B0C9CAF26B9854A00842AFC /* LandmarkDetail.swift */ = {isa = PBXFileReference; lastKnownFileType = sourcecode.swift; path = LandmarkDetail.swift; sourceTree = "<group>"; };
		3B0C9CB126B9867200842AFC /* ContentView.swift */ = {isa = PBXFileReference; lastKnownFileType = sourcecode.swift; path = ContentView.swift; sourceTree = "<group>"; };
		3B164F6526BBFF7100716390 /* LandmarkSettings.swift */ = {isa = PBXFileReference; lastKnownFileType = sourcecode.swift; path = LandmarkSettings.swift; sourceTree = "<group>"; };
		3B21FBA326B98CA3009B28B0 /* NotificationView.swift */ = {isa = PBXFileReference; lastKnownFileType = sourcecode.swift; path = NotificationView.swift; sourceTree = "<group>"; };
		3B21FBAA26BADBE1009B28B0 /* MacLandmarks.app */ = {isa = PBXFileReference; explicitFileType = wrapper.application; includeInIndex = 0; path = MacLandmarks.app; sourceTree = BUILT_PRODUCTS_DIR; };
		3B21FBAE26BADBE2009B28B0 /* ContentView.swift */ = {isa = PBXFileReference; lastKnownFileType = sourcecode.swift; path = ContentView.swift; sourceTree = "<group>"; };
		3B21FBB026BADBE4009B28B0 /* Assets.xcassets */ = {isa = PBXFileReference; lastKnownFileType = folder.assetcatalog; path = Assets.xcassets; sourceTree = "<group>"; };
		3B21FBB326BADBE4009B28B0 /* Preview Assets.xcassets */ = {isa = PBXFileReference; lastKnownFileType = folder.assetcatalog; path = "Preview Assets.xcassets"; sourceTree = "<group>"; };
		3B21FBC526BADE13009B28B0 /* LandmarkDetail.swift */ = {isa = PBXFileReference; lastKnownFileType = sourcecode.swift; path = LandmarkDetail.swift; sourceTree = "<group>"; };
		3B21FBC726BAE4C7009B28B0 /* LandmarkList.swift */ = {isa = PBXFileReference; lastKnownFileType = sourcecode.swift; path = LandmarkList.swift; sourceTree = "<group>"; };
		3B21FBC926BAF196009B28B0 /* LandmarkCommands.swift */ = {isa = PBXFileReference; lastKnownFileType = sourcecode.swift; path = LandmarkCommands.swift; sourceTree = "<group>"; };
		3B22B32D26B2E6DE00FC69C1 /* Profile.swift */ = {isa = PBXFileReference; lastKnownFileType = sourcecode.swift; path = Profile.swift; sourceTree = "<group>"; };
		3B22B32F26B2E71500FC69C1 /* ProfileHost.swift */ = {isa = PBXFileReference; lastKnownFileType = sourcecode.swift; path = ProfileHost.swift; sourceTree = "<group>"; };
		3B22B33126B2E72F00FC69C1 /* ProfileSummary.swift */ = {isa = PBXFileReference; lastKnownFileType = sourcecode.swift; path = ProfileSummary.swift; sourceTree = "<group>"; };
		3B22B33326B2E82300FC69C1 /* HikeBadge.swift */ = {isa = PBXFileReference; lastKnownFileType = sourcecode.swift; path = HikeBadge.swift; sourceTree = "<group>"; };
		3B22B37026B6F72000FC69C1 /* ProfileEditor.swift */ = {isa = PBXFileReference; lastKnownFileType = sourcecode.swift; path = ProfileEditor.swift; sourceTree = "<group>"; };
		3B7F575426A845CC00423F03 /* LandmarkList.swift */ = {isa = PBXFileReference; lastKnownFileType = sourcecode.swift; path = LandmarkList.swift; sourceTree = "<group>"; };
		3B7F575626A85FCA00423F03 /* LandmarkDetail.swift */ = {isa = PBXFileReference; lastKnownFileType = sourcecode.swift; path = LandmarkDetail.swift; sourceTree = "<group>"; };
		3B7F575826A870A200423F03 /* FavoriteButton.swift */ = {isa = PBXFileReference; lastKnownFileType = sourcecode.swift; path = FavoriteButton.swift; sourceTree = "<group>"; };
		3B973BB226B84C5500A75C14 /* PageViewController.swift */ = {isa = PBXFileReference; lastKnownFileType = sourcecode.swift; path = PageViewController.swift; sourceTree = "<group>"; };
		3B973BB426B84EE000A75C14 /* FeatureCard.swift */ = {isa = PBXFileReference; lastKnownFileType = sourcecode.swift; path = FeatureCard.swift; sourceTree = "<group>"; };
		3BA344A926B85014004C1651 /* PageView.swift */ = {isa = PBXFileReference; lastKnownFileType = sourcecode.swift; path = PageView.swift; sourceTree = "<group>"; };
		3BA344AB26B8586A004C1651 /* PageControl.swift */ = {isa = PBXFileReference; lastKnownFileType = sourcecode.swift; path = PageControl.swift; sourceTree = "<group>"; };
		3BA8EF3126ADBD7F00CE1AA0 /* HexagonParameters.swift */ = {isa = PBXFileReference; lastKnownFileType = sourcecode.swift; path = HexagonParameters.swift; sourceTree = "<group>"; };
		3BA8EF3326ADC0CB00CE1AA0 /* BadgeBackground.swift */ = {isa = PBXFileReference; lastKnownFileType = sourcecode.swift; path = BadgeBackground.swift; sourceTree = "<group>"; };
		3BA8EF3526AEFFF300CE1AA0 /* BadgeSymbol.swift */ = {isa = PBXFileReference; lastKnownFileType = sourcecode.swift; path = BadgeSymbol.swift; sourceTree = "<group>"; };
		3BA8EF3926AF01F800CE1AA0 /* RotatedBadgeSymbol.swift */ = {isa = PBXFileReference; lastKnownFileType = sourcecode.swift; path = RotatedBadgeSymbol.swift; sourceTree = "<group>"; };
		3BA8EF3B26AF02B000CE1AA0 /* Badge.swift */ = {isa = PBXFileReference; lastKnownFileType = sourcecode.swift; path = Badge.swift; sourceTree = "<group>"; };
		3BA8EF3E26AF087100CE1AA0 /* hikeData.json */ = {isa = PBXFileReference; fileEncoding = 4; lastKnownFileType = text.json; path = hikeData.json; sourceTree = "<group>"; };
		3BA8EF4026AF088400CE1AA0 /* Hike.swift */ = {isa = PBXFileReference; lastKnownFileType = sourcecode.swift; path = Hike.swift; sourceTree = "<group>"; };
		3BA8EF4326AF094800CE1AA0 /* GraphCapsule.swift */ = {isa = PBXFileReference; fileEncoding = 4; lastKnownFileType = sourcecode.swift; path = GraphCapsule.swift; sourceTree = "<group>"; };
		3BA8EF4426AF094800CE1AA0 /* HikeGraph.swift */ = {isa = PBXFileReference; fileEncoding = 4; lastKnownFileType = sourcecode.swift; path = HikeGraph.swift; sourceTree = "<group>"; };
		3BA8EF4526AF094800CE1AA0 /* HikeDetail.swift */ = {isa = PBXFileReference; fileEncoding = 4; lastKnownFileType = sourcecode.swift; path = HikeDetail.swift; sourceTree = "<group>"; };
		3BA8EF4626AF094800CE1AA0 /* HikeView.swift */ = {isa = PBXFileReference; fileEncoding = 4; lastKnownFileType = sourcecode.swift; path = HikeView.swift; sourceTree = "<group>"; };
		3BA8EF4B26B2CF7C00CE1AA0 /* CategoryHome.swift */ = {isa = PBXFileReference; lastKnownFileType = sourcecode.swift; path = CategoryHome.swift; sourceTree = "<group>"; };
		3BA8EF4D26B2D4F400CE1AA0 /* CategoryRow.swift */ = {isa = PBXFileReference; lastKnownFileType = sourcecode.swift; path = CategoryRow.swift; sourceTree = "<group>"; };
		3BA8EF4F26B2D67900CE1AA0 /* CategoryItem.swift */ = {isa = PBXFileReference; lastKnownFileType = sourcecode.swift; path = CategoryItem.swift; sourceTree = "<group>"; };
		3BEE850326A8278F00AFC101 /* Landmarks.app */ = {isa = PBXFileReference; explicitFileType = wrapper.application; includeInIndex = 0; path = Landmarks.app; sourceTree = BUILT_PRODUCTS_DIR; };
		3BEE850626A8278F00AFC101 /* LandmarksApp.swift */ = {isa = PBXFileReference; lastKnownFileType = sourcecode.swift; path = LandmarksApp.swift; sourceTree = "<group>"; };
		3BEE850826A8278F00AFC101 /* ContentView.swift */ = {isa = PBXFileReference; lastKnownFileType = sourcecode.swift; path = ContentView.swift; sourceTree = "<group>"; };
		3BEE850A26A8279100AFC101 /* Assets.xcassets */ = {isa = PBXFileReference; lastKnownFileType = folder.assetcatalog; path = Assets.xcassets; sourceTree = "<group>"; };
		3BEE850D26A8279100AFC101 /* Preview Assets.xcassets */ = {isa = PBXFileReference; lastKnownFileType = folder.assetcatalog; path = "Preview Assets.xcassets"; sourceTree = "<group>"; };
		3BEE850F26A8279100AFC101 /* Info.plist */ = {isa = PBXFileReference; lastKnownFileType = text.plist.xml; path = Info.plist; sourceTree = "<group>"; };
		3BEE851526A835DE00AFC101 /* CircleImage.swift */ = {isa = PBXFileReference; lastKnownFileType = sourcecode.swift; path = CircleImage.swift; sourceTree = "<group>"; };
		3BEE851726A8368E00AFC101 /* MapView.swift */ = {isa = PBXFileReference; lastKnownFileType = sourcecode.swift; path = MapView.swift; sourceTree = "<group>"; };
		3BEE851926A83C6100AFC101 /* landmarkData.json */ = {isa = PBXFileReference; fileEncoding = 4; lastKnownFileType = text.json; path = landmarkData.json; sourceTree = "<group>"; };
		3BEE851B26A83C7400AFC101 /* Landmark.swift */ = {isa = PBXFileReference; lastKnownFileType = sourcecode.swift; path = Landmark.swift; sourceTree = "<group>"; };
		3BEE851D26A83E3600AFC101 /* ModelData.swift */ = {isa = PBXFileReference; lastKnownFileType = sourcecode.swift; path = ModelData.swift; sourceTree = "<group>"; };
		3BEE852626A840AE00AFC101 /* LandmarkRow.swift */ = {isa = PBXFileReference; lastKnownFileType = sourcecode.swift; path = LandmarkRow.swift; sourceTree = "<group>"; };
/* End PBXFileReference section */

/* Begin PBXFrameworksBuildPhase section */
		3B0C9C8426B9812800842AFC /* Frameworks */ = {
			isa = PBXFrameworksBuildPhase;
			buildActionMask = 2147483647;
			files = (
			);
			runOnlyForDeploymentPostprocessing = 0;
		};
		3B21FBA726BADBE1009B28B0 /* Frameworks */ = {
			isa = PBXFrameworksBuildPhase;
			buildActionMask = 2147483647;
			files = (
			);
			runOnlyForDeploymentPostprocessing = 0;
		};
		3BEE850026A8278F00AFC101 /* Frameworks */ = {
			isa = PBXFrameworksBuildPhase;
			buildActionMask = 2147483647;
			files = (
			);
			runOnlyForDeploymentPostprocessing = 0;
		};
/* End PBXFrameworksBuildPhase section */

/* Begin PBXGroup section */
		3B0C9C7D26B9812600842AFC /* WatchLandmarks */ = {
			isa = PBXGroup;
			children = (
				3B0C9C7E26B9812600842AFC /* Interface.storyboard */,
				3B0C9C8126B9812800842AFC /* Assets.xcassets */,
			);
			path = WatchLandmarks;
			sourceTree = "<group>";
		};
		3B0C9C8B26B9812800842AFC /* WatchLandmarks Extension */ = {
			isa = PBXGroup;
			children = (
				3B0C9CB126B9867200842AFC /* ContentView.swift */,
				3B21FBC726BAE4C7009B28B0 /* LandmarkList.swift */,
				3B0C9CAF26B9854A00842AFC /* LandmarkDetail.swift */,
				3B21FBA326B98CA3009B28B0 /* NotificationView.swift */,
				3B0C9C9026B9812800842AFC /* NotificationController.swift */,
				3B0C9C9226B9812800842AFC /* ComplicationController.swift */,
				3B0C9C9426B9812900842AFC /* Assets.xcassets */,
				3B0C9C9626B9812900842AFC /* Info.plist */,
				3B0C9C9726B9812900842AFC /* PushNotificationPayload.apns */,
			);
			path = "WatchLandmarks Extension";
			sourceTree = "<group>";
		};
		3B21FBAB26BADBE2009B28B0 /* MacLandmarks */ = {
			isa = PBXGroup;
			children = (
				3B21FBAE26BADBE2009B28B0 /* ContentView.swift */,
				3B21FBC526BADE13009B28B0 /* LandmarkDetail.swift */,
				3B21FBC926BAF196009B28B0 /* LandmarkCommands.swift */,
				3B21FBB226BADBE4009B28B0 /* Preview Content */,
				3B21FBB026BADBE4009B28B0 /* Assets.xcassets */,
				3B164F6526BBFF7100716390 /* LandmarkSettings.swift */,
			);
			path = MacLandmarks;
			sourceTree = "<group>";
		};
		3B21FBB226BADBE4009B28B0 /* Preview Content */ = {
			isa = PBXGroup;
			children = (
				3B21FBB326BADBE4009B28B0 /* Preview Assets.xcassets */,
			);
			path = "Preview Content";
			sourceTree = "<group>";
		};
		3B22B32B26B2E67000FC69C1 /* Category */ = {
			isa = PBXGroup;
			children = (
				3BA8EF4B26B2CF7C00CE1AA0 /* CategoryHome.swift */,
				3BA8EF4D26B2D4F400CE1AA0 /* CategoryRow.swift */,
				3BA8EF4F26B2D67900CE1AA0 /* CategoryItem.swift */,
			);
			path = Category;
			sourceTree = "<group>";
		};
		3B22B32C26B2E6B800FC69C1 /* Profiles */ = {
			isa = PBXGroup;
			children = (
				3B22B32F26B2E71500FC69C1 /* ProfileHost.swift */,
				3B22B33126B2E72F00FC69C1 /* ProfileSummary.swift */,
				3B22B37026B6F72000FC69C1 /* ProfileEditor.swift */,
			);
			path = Profiles;
			sourceTree = "<group>";
		};
		3B7F575A26A8710C00423F03 /* Landmarks */ = {
			isa = PBXGroup;
			children = (
				3BEE852626A840AE00AFC101 /* LandmarkRow.swift */,
				3B7F575426A845CC00423F03 /* LandmarkList.swift */,
				3B7F575626A85FCA00423F03 /* LandmarkDetail.swift */,
			);
			path = Landmarks;
			sourceTree = "<group>";
		};
		3B7F575B26A8711900423F03 /* Helpers */ = {
			isa = PBXGroup;
			children = (
				3BEE851526A835DE00AFC101 /* CircleImage.swift */,
				3BEE851726A8368E00AFC101 /* MapView.swift */,
				3B7F575826A870A200423F03 /* FavoriteButton.swift */,
			);
			path = Helpers;
			sourceTree = "<group>";
		};
		3B973BB126B84C3300A75C14 /* PageView */ = {
			isa = PBXGroup;
			children = (
				3B973BB226B84C5500A75C14 /* PageViewController.swift */,
				3BA344AB26B8586A004C1651 /* PageControl.swift */,
				3B973BB426B84EE000A75C14 /* FeatureCard.swift */,
				3BA344A926B85014004C1651 /* PageView.swift */,
			);
			path = PageView;
			sourceTree = "<group>";
		};
		3BA8EF3D26AF063500CE1AA0 /* Badges */ = {
			isa = PBXGroup;
			children = (
				3BA8EF3B26AF02B000CE1AA0 /* Badge.swift */,
				3BA8EF3326ADC0CB00CE1AA0 /* BadgeBackground.swift */,
				3BA8EF3526AEFFF300CE1AA0 /* BadgeSymbol.swift */,
				3BA8EF3926AF01F800CE1AA0 /* RotatedBadgeSymbol.swift */,
				3BA8EF3126ADBD7F00CE1AA0 /* HexagonParameters.swift */,
			);
			path = Badges;
			sourceTree = "<group>";
		};
		3BA8EF4226AF094800CE1AA0 /* Hikes */ = {
			isa = PBXGroup;
			children = (
				3BA8EF4326AF094800CE1AA0 /* GraphCapsule.swift */,
				3BA8EF4426AF094800CE1AA0 /* HikeGraph.swift */,
				3BA8EF4526AF094800CE1AA0 /* HikeDetail.swift */,
				3BA8EF4626AF094800CE1AA0 /* HikeView.swift */,
				3B22B33326B2E82300FC69C1 /* HikeBadge.swift */,
			);
			path = Hikes;
			sourceTree = "<group>";
		};
		3BEE84FA26A8278F00AFC101 = {
			isa = PBXGroup;
			children = (
				3BEE850526A8278F00AFC101 /* Landmarks */,
				3B0C9C7D26B9812600842AFC /* WatchLandmarks */,
				3B0C9C8B26B9812800842AFC /* WatchLandmarks Extension */,
				3B21FBAB26BADBE2009B28B0 /* MacLandmarks */,
				3BEE850426A8278F00AFC101 /* Products */,
			);
			sourceTree = "<group>";
		};
		3BEE850426A8278F00AFC101 /* Products */ = {
			isa = PBXGroup;
			children = (
				3BEE850326A8278F00AFC101 /* Landmarks.app */,
				3B0C9C7C26B9812600842AFC /* WatchLandmarks.app */,
				3B0C9C8726B9812800842AFC /* WatchLandmarks Extension.appex */,
				3B21FBAA26BADBE1009B28B0 /* MacLandmarks.app */,
			);
			name = Products;
			sourceTree = "<group>";
		};
		3BEE850526A8278F00AFC101 /* Landmarks */ = {
			isa = PBXGroup;
			children = (
				3BEE850626A8278F00AFC101 /* LandmarksApp.swift */,
				3BEE851F26A83F5800AFC101 /* Views */,
				3BEE852326A83FBE00AFC101 /* Model */,
				3BEE852126A83F6300AFC101 /* Resources */,
				3BEE850A26A8279100AFC101 /* Assets.xcassets */,
				3BEE850F26A8279100AFC101 /* Info.plist */,
				3BEE850C26A8279100AFC101 /* Preview Content */,
			);
			path = Landmarks;
			sourceTree = "<group>";
		};
		3BEE850C26A8279100AFC101 /* Preview Content */ = {
			isa = PBXGroup;
			children = (
				3BEE850D26A8279100AFC101 /* Preview Assets.xcassets */,
			);
			path = "Preview Content";
			sourceTree = "<group>";
		};
		3BEE851F26A83F5800AFC101 /* Views */ = {
			isa = PBXGroup;
			children = (
				3BEE850826A8278F00AFC101 /* ContentView.swift */,
				3B7F575A26A8710C00423F03 /* Landmarks */,
				3B7F575B26A8711900423F03 /* Helpers */,
				3BA8EF3D26AF063500CE1AA0 /* Badges */,
				3BA8EF4226AF094800CE1AA0 /* Hikes */,
				3B22B32B26B2E67000FC69C1 /* Category */,
				3B22B32C26B2E6B800FC69C1 /* Profiles */,
				3B973BB126B84C3300A75C14 /* PageView */,
			);
			path = Views;
			sourceTree = "<group>";
		};
		3BEE852126A83F6300AFC101 /* Resources */ = {
			isa = PBXGroup;
			children = (
				3BA8EF3E26AF087100CE1AA0 /* hikeData.json */,
				3BEE851926A83C6100AFC101 /* landmarkData.json */,
			);
			path = Resources;
			sourceTree = "<group>";
		};
		3BEE852326A83FBE00AFC101 /* Model */ = {
			isa = PBXGroup;
			children = (
				3BEE851D26A83E3600AFC101 /* ModelData.swift */,
				3BEE851B26A83C7400AFC101 /* Landmark.swift */,
				3BA8EF4026AF088400CE1AA0 /* Hike.swift */,
				3B22B32D26B2E6DE00FC69C1 /* Profile.swift */,
			);
			path = Model;
			sourceTree = "<group>";
		};
/* End PBXGroup section */

/* Begin PBXNativeTarget section */
		3B0C9C7B26B9812600842AFC /* WatchLandmarks */ = {
			isa = PBXNativeTarget;
			buildConfigurationList = 3B0C9CA226B9812900842AFC /* Build configuration list for PBXNativeTarget "WatchLandmarks" */;
			buildPhases = (
				3B0C9C7A26B9812600842AFC /* Resources */,
				3B0C9C9E26B9812900842AFC /* Embed App Extensions */,
			);
			buildRules = (
			);
			dependencies = (
				3B0C9C8A26B9812800842AFC /* PBXTargetDependency */,
			);
			name = WatchLandmarks;
			productName = WatchLandmarks;
			productReference = 3B0C9C7C26B9812600842AFC /* WatchLandmarks.app */;
			productType = "com.apple.product-type.application.watchapp2";
		};
		3B0C9C8626B9812800842AFC /* WatchLandmarks Extension */ = {
			isa = PBXNativeTarget;
			buildConfigurationList = 3B0C9CA126B9812900842AFC /* Build configuration list for PBXNativeTarget "WatchLandmarks Extension" */;
			buildPhases = (
				3B0C9C8326B9812800842AFC /* Sources */,
				3B0C9C8426B9812800842AFC /* Frameworks */,
				3B0C9C8526B9812800842AFC /* Resources */,
			);
			buildRules = (
			);
			dependencies = (
			);
			name = "WatchLandmarks Extension";
			productName = "WatchLandmarks Extension";
			productReference = 3B0C9C8726B9812800842AFC /* WatchLandmarks Extension.appex */;
			productType = "com.apple.product-type.watchkit2-extension";
		};
		3B21FBA926BADBE1009B28B0 /* MacLandmarks */ = {
			isa = PBXNativeTarget;
			buildConfigurationList = 3B21FBB726BADBE4009B28B0 /* Build configuration list for PBXNativeTarget "MacLandmarks" */;
			buildPhases = (
				3B21FBA626BADBE1009B28B0 /* Sources */,
				3B21FBA726BADBE1009B28B0 /* Frameworks */,
				3B21FBA826BADBE1009B28B0 /* Resources */,
			);
			buildRules = (
			);
			dependencies = (
			);
			name = MacLandmarks;
			productName = MacLandmarks;
			productReference = 3B21FBAA26BADBE1009B28B0 /* MacLandmarks.app */;
			productType = "com.apple.product-type.application";
		};
		3BEE850226A8278F00AFC101 /* Landmarks */ = {
			isa = PBXNativeTarget;
			buildConfigurationList = 3BEE851226A8279100AFC101 /* Build configuration list for PBXNativeTarget "Landmarks" */;
			buildPhases = (
				3BEE84FF26A8278F00AFC101 /* Sources */,
				3BEE850026A8278F00AFC101 /* Frameworks */,
				3BEE850126A8278F00AFC101 /* Resources */,
				3B0C9C9B26B9812900842AFC /* Embed Watch Content */,
			);
			buildRules = (
			);
			dependencies = (
				3B0C9C9926B9812900842AFC /* PBXTargetDependency */,
			);
			name = Landmarks;
			productName = Landmarks;
			productReference = 3BEE850326A8278F00AFC101 /* Landmarks.app */;
			productType = "com.apple.product-type.application";
		};
/* End PBXNativeTarget section */

/* Begin PBXProject section */
		3BEE84FB26A8278F00AFC101 /* Project object */ = {
			isa = PBXProject;
			attributes = {
				LastSwiftUpdateCheck = 1300;
				LastUpgradeCheck = 1250;
				TargetAttributes = {
					3B0C9C7B26B9812600842AFC = {
						CreatedOnToolsVersion = 13.0;
					};
					3B0C9C8626B9812800842AFC = {
						CreatedOnToolsVersion = 13.0;
					};
					3B21FBA926BADBE1009B28B0 = {
						CreatedOnToolsVersion = 13.0;
					};
					3BEE850226A8278F00AFC101 = {
						CreatedOnToolsVersion = 12.5.1;
					};
				};
			};
			buildConfigurationList = 3BEE84FE26A8278F00AFC101 /* Build configuration list for PBXProject "Landmarks" */;
			compatibilityVersion = "Xcode 9.3";
			developmentRegion = en;
			hasScannedForEncodings = 0;
			knownRegions = (
				en,
				Base,
			);
			mainGroup = 3BEE84FA26A8278F00AFC101;
			productRefGroup = 3BEE850426A8278F00AFC101 /* Products */;
			projectDirPath = "";
			projectRoot = "";
			targets = (
				3BEE850226A8278F00AFC101 /* Landmarks */,
				3B0C9C7B26B9812600842AFC /* WatchLandmarks */,
				3B0C9C8626B9812800842AFC /* WatchLandmarks Extension */,
				3B21FBA926BADBE1009B28B0 /* MacLandmarks */,
			);
		};
/* End PBXProject section */

/* Begin PBXResourcesBuildPhase section */
		3B0C9C7A26B9812600842AFC /* Resources */ = {
			isa = PBXResourcesBuildPhase;
			buildActionMask = 2147483647;
			files = (
				3B0C9C8226B9812800842AFC /* Assets.xcassets in Resources */,
				3B0C9C8026B9812600842AFC /* Interface.storyboard in Resources */,
			);
			runOnlyForDeploymentPostprocessing = 0;
		};
		3B0C9C8526B9812800842AFC /* Resources */ = {
			isa = PBXResourcesBuildPhase;
			buildActionMask = 2147483647;
			files = (
				3B0C9CA826B983B200842AFC /* hikeData.json in Resources */,
				3B0C9C9526B9812900842AFC /* Assets.xcassets in Resources */,
				3B0C9CAA26B983B200842AFC /* Assets.xcassets in Resources */,
				3B0C9CA926B983B200842AFC /* landmarkData.json in Resources */,
			);
			runOnlyForDeploymentPostprocessing = 0;
		};
		3B21FBA826BADBE1009B28B0 /* Resources */ = {
			isa = PBXResourcesBuildPhase;
			buildActionMask = 2147483647;
			files = (
				3B21FBC326BADC6F009B28B0 /* hikeData.json in Resources */,
				3B21FBB426BADBE4009B28B0 /* Preview Assets.xcassets in Resources */,
				3B21FBBB26BADC6F009B28B0 /* Assets.xcassets in Resources */,
				3B21FBC426BADC6F009B28B0 /* landmarkData.json in Resources */,
				3B21FBB126BADBE4009B28B0 /* Assets.xcassets in Resources */,
			);
			runOnlyForDeploymentPostprocessing = 0;
		};
		3BEE850126A8278F00AFC101 /* Resources */ = {
			isa = PBXResourcesBuildPhase;
			buildActionMask = 2147483647;
			files = (
				3BA8EF3F26AF087100CE1AA0 /* hikeData.json in Resources */,
				3BEE850E26A8279100AFC101 /* Preview Assets.xcassets in Resources */,
				3BEE850B26A8279100AFC101 /* Assets.xcassets in Resources */,
				3BEE851A26A83C6100AFC101 /* landmarkData.json in Resources */,
			);
			runOnlyForDeploymentPostprocessing = 0;
		};
/* End PBXResourcesBuildPhase section */

/* Begin PBXSourcesBuildPhase section */
		3B0C9C8326B9812800842AFC /* Sources */ = {
			isa = PBXSourcesBuildPhase;
			buildActionMask = 2147483647;
			files = (
				3B0C9CA526B983B200842AFC /* MapView.swift in Sources */,
				3B0C9CA626B983B200842AFC /* Profile.swift in Sources */,
				3B21FBA426B98CA3009B28B0 /* NotificationView.swift in Sources */,
				3B21FBC826BAE4C7009B28B0 /* LandmarkList.swift in Sources */,
				3B0C9C9126B9812800842AFC /* NotificationController.swift in Sources */,
				3B0C9CAE26B983B200842AFC /* Hike.swift in Sources */,
				3B0C9C9326B9812800842AFC /* ComplicationController.swift in Sources */,
				3B0C9CB026B9854A00842AFC /* LandmarkDetail.swift in Sources */,
				3B0C9CA726B983B200842AFC /* Landmark.swift in Sources */,
				3B0C9CAD26B983B200842AFC /* LandmarksApp.swift in Sources */,
				3B0C9CB226B9867200842AFC /* ContentView.swift in Sources */,
				3B0C9CA326B983B200842AFC /* CircleImage.swift in Sources */,
				3B0C9CAB26B983B200842AFC /* LandmarkRow.swift in Sources */,
				3B0C9CA426B983B200842AFC /* ModelData.swift in Sources */,
			);
			runOnlyForDeploymentPostprocessing = 0;
		};
		3B21FBA626BADBE1009B28B0 /* Sources */ = {
			isa = PBXSourcesBuildPhase;
			buildActionMask = 2147483647;
			files = (
				3B21FBAF26BADBE2009B28B0 /* ContentView.swift in Sources */,
				3B21FBC226BADC6F009B28B0 /* Landmark.swift in Sources */,
				3B164F6626BBFF7100716390 /* LandmarkSettings.swift in Sources */,
				3B21FBB926BADC6F009B28B0 /* MapView.swift in Sources */,
				3B21FBBA26BADC6F009B28B0 /* Hike.swift in Sources */,
				3B21FBCB26BAF196009B28B0 /* LandmarkCommands.swift in Sources */,
				3B21FBC626BADE13009B28B0 /* LandmarkDetail.swift in Sources */,
				3B21FBBE26BADC6F009B28B0 /* Profile.swift in Sources */,
				3B21FBC026BADC6F009B28B0 /* LandmarkList.swift in Sources */,
				3B21FBBD26BADC6F009B28B0 /* FavoriteButton.swift in Sources */,
				3B21FBBF26BADC6F009B28B0 /* ModelData.swift in Sources */,
				3B21FBBC26BADC6F009B28B0 /* LandmarkRow.swift in Sources */,
				3B21FBB826BADC6F009B28B0 /* LandmarksApp.swift in Sources */,
				3B21FBC126BADC6F009B28B0 /* CircleImage.swift in Sources */,
			);
			runOnlyForDeploymentPostprocessing = 0;
		};
		3BEE84FF26A8278F00AFC101 /* Sources */ = {
			isa = PBXSourcesBuildPhase;
			buildActionMask = 2147483647;
			files = (
				3BA8EF4E26B2D4F400CE1AA0 /* CategoryRow.swift in Sources */,
				3B22B32E26B2E6DE00FC69C1 /* Profile.swift in Sources */,
				3B21FBCC26BB01D4009B28B0 /* LandmarkCommands.swift in Sources */,
				3BEE850926A8278F00AFC101 /* ContentView.swift in Sources */,
				3BA8EF4C26B2CF7C00CE1AA0 /* CategoryHome.swift in Sources */,
				3B973BB526B84EE000A75C14 /* FeatureCard.swift in Sources */,
				3BA8EF4826AF094800CE1AA0 /* HikeGraph.swift in Sources */,
				3BA8EF3C26AF02B000CE1AA0 /* Badge.swift in Sources */,
				3BEE851826A8368E00AFC101 /* MapView.swift in Sources */,
				3BA8EF4726AF094800CE1AA0 /* GraphCapsule.swift in Sources */,
				3BEE850726A8278F00AFC101 /* LandmarksApp.swift in Sources */,
				3BA344AC26B8586A004C1651 /* PageControl.swift in Sources */,
				3B7F575926A870A200423F03 /* FavoriteButton.swift in Sources */,
				3BA8EF5026B2D67900CE1AA0 /* CategoryItem.swift in Sources */,
				3BA8EF4926AF094800CE1AA0 /* HikeDetail.swift in Sources */,
				3B22B33226B2E72F00FC69C1 /* ProfileSummary.swift in Sources */,
				3BA8EF3226ADBD7F00CE1AA0 /* HexagonParameters.swift in Sources */,
				3B22B33026B2E71500FC69C1 /* ProfileHost.swift in Sources */,
				3BA8EF4126AF088400CE1AA0 /* Hike.swift in Sources */,
				3BA8EF3626AEFFF300CE1AA0 /* BadgeSymbol.swift in Sources */,
				3BA344AA26B85014004C1651 /* PageView.swift in Sources */,
				3B7F575526A845CC00423F03 /* LandmarkList.swift in Sources */,
				3B22B37126B6F72000FC69C1 /* ProfileEditor.swift in Sources */,
				3BA8EF3A26AF01F800CE1AA0 /* RotatedBadgeSymbol.swift in Sources */,
				3BA8EF4A26AF094800CE1AA0 /* HikeView.swift in Sources */,
				3B7F575726A85FCA00423F03 /* LandmarkDetail.swift in Sources */,
				3B973BB326B84C5500A75C14 /* PageViewController.swift in Sources */,
				3BA8EF3426ADC0CB00CE1AA0 /* BadgeBackground.swift in Sources */,
				3B22B33426B2E82300FC69C1 /* HikeBadge.swift in Sources */,
				3BEE851626A835DE00AFC101 /* CircleImage.swift in Sources */,
				3BEE851C26A83C7400AFC101 /* Landmark.swift in Sources */,
				3BEE852726A840AE00AFC101 /* LandmarkRow.swift in Sources */,
				3BEE851E26A83E3600AFC101 /* ModelData.swift in Sources */,
			);
			runOnlyForDeploymentPostprocessing = 0;
		};
/* End PBXSourcesBuildPhase section */

/* Begin PBXTargetDependency section */
		3B0C9C8A26B9812800842AFC /* PBXTargetDependency */ = {
			isa = PBXTargetDependency;
			target = 3B0C9C8626B9812800842AFC /* WatchLandmarks Extension */;
			targetProxy = 3B0C9C8926B9812800842AFC /* PBXContainerItemProxy */;
		};
		3B0C9C9926B9812900842AFC /* PBXTargetDependency */ = {
			isa = PBXTargetDependency;
			target = 3B0C9C7B26B9812600842AFC /* WatchLandmarks */;
			targetProxy = 3B0C9C9826B9812900842AFC /* PBXContainerItemProxy */;
		};
/* End PBXTargetDependency section */

/* Begin PBXVariantGroup section */
		3B0C9C7E26B9812600842AFC /* Interface.storyboard */ = {
			isa = PBXVariantGroup;
			children = (
				3B0C9C7F26B9812600842AFC /* Base */,
			);
			name = Interface.storyboard;
			sourceTree = "<group>";
		};
/* End PBXVariantGroup section */

/* Begin XCBuildConfiguration section */
		3B0C9C9C26B9812900842AFC /* Debug */ = {
			isa = XCBuildConfiguration;
			buildSettings = {
				ALWAYS_EMBED_SWIFT_STANDARD_LIBRARIES = YES;
				ASSETCATALOG_COMPILER_APPICON_NAME = AppIcon;
				ASSETCATALOG_COMPILER_GLOBAL_ACCENT_COLOR_NAME = AccentColor;
				CODE_SIGN_STYLE = Automatic;
				CURRENT_PROJECT_VERSION = 1;
				DEVELOPMENT_TEAM = Y4XABUQ539;
				GENERATE_INFOPLIST_FILE = YES;
				IBSC_MODULE = WatchLandmarks_Extension;
				INFOPLIST_KEY_CFBundleDisplayName = WatchLandmarks;
				INFOPLIST_KEY_UISupportedInterfaceOrientations = "UIInterfaceOrientationPortrait UIInterfaceOrientationPortraitUpsideDown";
				INFOPLIST_KEY_WKCompanionAppBundleIdentifier = com.sujinnaljin.Landmarks;
				MARKETING_VERSION = 1.0;
				PRODUCT_BUNDLE_IDENTIFIER = com.sujinnaljin.Landmarks.watchkitapp;
				PRODUCT_NAME = "$(TARGET_NAME)";
				SDKROOT = watchos;
				SKIP_INSTALL = YES;
				SWIFT_EMIT_LOC_STRINGS = YES;
				SWIFT_VERSION = 5.0;
				TARGETED_DEVICE_FAMILY = 4;
				WATCHOS_DEPLOYMENT_TARGET = 8.0;
			};
			name = Debug;
		};
		3B0C9C9D26B9812900842AFC /* Release */ = {
			isa = XCBuildConfiguration;
			buildSettings = {
				ALWAYS_EMBED_SWIFT_STANDARD_LIBRARIES = YES;
				ASSETCATALOG_COMPILER_APPICON_NAME = AppIcon;
				ASSETCATALOG_COMPILER_GLOBAL_ACCENT_COLOR_NAME = AccentColor;
				CODE_SIGN_STYLE = Automatic;
				CURRENT_PROJECT_VERSION = 1;
				DEVELOPMENT_TEAM = Y4XABUQ539;
				GENERATE_INFOPLIST_FILE = YES;
				IBSC_MODULE = WatchLandmarks_Extension;
				INFOPLIST_KEY_CFBundleDisplayName = WatchLandmarks;
				INFOPLIST_KEY_UISupportedInterfaceOrientations = "UIInterfaceOrientationPortrait UIInterfaceOrientationPortraitUpsideDown";
				INFOPLIST_KEY_WKCompanionAppBundleIdentifier = com.sujinnaljin.Landmarks;
				MARKETING_VERSION = 1.0;
				PRODUCT_BUNDLE_IDENTIFIER = com.sujinnaljin.Landmarks.watchkitapp;
				PRODUCT_NAME = "$(TARGET_NAME)";
				SDKROOT = watchos;
				SKIP_INSTALL = YES;
				SWIFT_EMIT_LOC_STRINGS = YES;
				SWIFT_VERSION = 5.0;
				TARGETED_DEVICE_FAMILY = 4;
				WATCHOS_DEPLOYMENT_TARGET = 8.0;
			};
			name = Release;
		};
		3B0C9C9F26B9812900842AFC /* Debug */ = {
			isa = XCBuildConfiguration;
			buildSettings = {
				ASSETCATALOG_COMPILER_COMPLICATION_NAME = Complication;
				CODE_SIGN_STYLE = Automatic;
				CURRENT_PROJECT_VERSION = 1;
				DEVELOPMENT_TEAM = Y4XABUQ539;
				GENERATE_INFOPLIST_FILE = YES;
				INFOPLIST_FILE = "WatchLandmarks Extension/Info.plist";
				INFOPLIST_KEY_CFBundleDisplayName = "WatchLandmarks Extension";
				INFOPLIST_KEY_CFBundleExecutable = "WatchLandmarks Extension";
				INFOPLIST_KEY_CFBundleName = "WatchLandmarks Extension";
				INFOPLIST_KEY_CFBundleVersion = 1;
				INFOPLIST_KEY_CLKComplicationPrincipalClass = WatchLandmarks_Extension.ComplicationController;
				INFOPLIST_KEY_NSHumanReadableCopyright = "";
				INFOPLIST_KEY_WKExtensionDelegateClassName = WatchLandmarks_Extension.ExtensionDelegate;
				INFOPLIST_KEY_WKRunsIndependentlyOfCompanionApp = YES;
				LD_RUNPATH_SEARCH_PATHS = (
					"$(inherited)",
					"@executable_path/Frameworks",
					"@executable_path/../../Frameworks",
				);
				MARKETING_VERSION = 1.0;
				PRODUCT_BUNDLE_IDENTIFIER = com.sujinnaljin.Landmarks.watchkitapp.watchkitextension;
				PRODUCT_NAME = "${TARGET_NAME}";
				SDKROOT = watchos;
				SKIP_INSTALL = YES;
				SWIFT_EMIT_LOC_STRINGS = YES;
				SWIFT_VERSION = 5.0;
				TARGETED_DEVICE_FAMILY = 4;
				WATCHOS_DEPLOYMENT_TARGET = 8.0;
			};
			name = Debug;
		};
		3B0C9CA026B9812900842AFC /* Release */ = {
			isa = XCBuildConfiguration;
			buildSettings = {
				ASSETCATALOG_COMPILER_COMPLICATION_NAME = Complication;
				CODE_SIGN_STYLE = Automatic;
				CURRENT_PROJECT_VERSION = 1;
				DEVELOPMENT_TEAM = Y4XABUQ539;
				GENERATE_INFOPLIST_FILE = YES;
				INFOPLIST_FILE = "WatchLandmarks Extension/Info.plist";
				INFOPLIST_KEY_CFBundleDisplayName = "WatchLandmarks Extension";
				INFOPLIST_KEY_CFBundleExecutable = "WatchLandmarks Extension";
				INFOPLIST_KEY_CFBundleName = "WatchLandmarks Extension";
				INFOPLIST_KEY_CFBundleVersion = 1;
				INFOPLIST_KEY_CLKComplicationPrincipalClass = WatchLandmarks_Extension.ComplicationController;
				INFOPLIST_KEY_NSHumanReadableCopyright = "";
				INFOPLIST_KEY_WKExtensionDelegateClassName = WatchLandmarks_Extension.ExtensionDelegate;
				INFOPLIST_KEY_WKRunsIndependentlyOfCompanionApp = YES;
				LD_RUNPATH_SEARCH_PATHS = (
					"$(inherited)",
					"@executable_path/Frameworks",
					"@executable_path/../../Frameworks",
				);
				MARKETING_VERSION = 1.0;
				PRODUCT_BUNDLE_IDENTIFIER = com.sujinnaljin.Landmarks.watchkitapp.watchkitextension;
				PRODUCT_NAME = "${TARGET_NAME}";
				SDKROOT = watchos;
				SKIP_INSTALL = YES;
				SWIFT_EMIT_LOC_STRINGS = YES;
				SWIFT_VERSION = 5.0;
				TARGETED_DEVICE_FAMILY = 4;
				WATCHOS_DEPLOYMENT_TARGET = 8.0;
			};
			name = Release;
		};
		3B21FBB526BADBE4009B28B0 /* Debug */ = {
			isa = XCBuildConfiguration;
			buildSettings = {
				ASSETCATALOG_COMPILER_APPICON_NAME = AppIcon;
				ASSETCATALOG_COMPILER_GLOBAL_ACCENT_COLOR_NAME = AccentColor;
				CODE_SIGN_STYLE = Automatic;
				COMBINE_HIDPI_IMAGES = YES;
				CURRENT_PROJECT_VERSION = 1;
				DEVELOPMENT_ASSET_PATHS = "\"MacLandmarks/Preview Content\"";
				DEVELOPMENT_TEAM = Y4XABUQ539;
				ENABLE_APP_SANDBOX = YES;
				ENABLE_HARDENED_RUNTIME = YES;
				ENABLE_PREVIEWS = YES;
				ENABLE_USER_SELECTED_FILES = readonly;
				GENERATE_INFOPLIST_FILE = YES;
				INFOPLIST_KEY_NSHumanReadableCopyright = "";
				LD_RUNPATH_SEARCH_PATHS = (
					"$(inherited)",
					"@executable_path/../Frameworks",
				);
				MACOSX_DEPLOYMENT_TARGET = 11.4;
				MARKETING_VERSION = 1.0;
				PRODUCT_BUNDLE_IDENTIFIER = com.sujinnaljin.MacLandmarks;
				PRODUCT_NAME = "$(TARGET_NAME)";
				SDKROOT = macosx;
				SWIFT_EMIT_LOC_STRINGS = YES;
				SWIFT_VERSION = 5.0;
			};
			name = Debug;
		};
		3B21FBB626BADBE4009B28B0 /* Release */ = {
			isa = XCBuildConfiguration;
			buildSettings = {
				ASSETCATALOG_COMPILER_APPICON_NAME = AppIcon;
				ASSETCATALOG_COMPILER_GLOBAL_ACCENT_COLOR_NAME = AccentColor;
				CODE_SIGN_STYLE = Automatic;
				COMBINE_HIDPI_IMAGES = YES;
				CURRENT_PROJECT_VERSION = 1;
				DEVELOPMENT_ASSET_PATHS = "\"MacLandmarks/Preview Content\"";
				DEVELOPMENT_TEAM = Y4XABUQ539;
				ENABLE_APP_SANDBOX = YES;
				ENABLE_HARDENED_RUNTIME = YES;
				ENABLE_PREVIEWS = YES;
				ENABLE_USER_SELECTED_FILES = readonly;
				GENERATE_INFOPLIST_FILE = YES;
				INFOPLIST_KEY_NSHumanReadableCopyright = "";
				LD_RUNPATH_SEARCH_PATHS = (
					"$(inherited)",
					"@executable_path/../Frameworks",
				);
				MACOSX_DEPLOYMENT_TARGET = 11.4;
				MARKETING_VERSION = 1.0;
				PRODUCT_BUNDLE_IDENTIFIER = com.sujinnaljin.MacLandmarks;
				PRODUCT_NAME = "$(TARGET_NAME)";
				SDKROOT = macosx;
				SWIFT_EMIT_LOC_STRINGS = YES;
				SWIFT_VERSION = 5.0;
			};
			name = Release;
		};
		3BEE851026A8279100AFC101 /* Debug */ = {
			isa = XCBuildConfiguration;
			buildSettings = {
				ALWAYS_SEARCH_USER_PATHS = NO;
				CLANG_ANALYZER_NONNULL = YES;
				CLANG_ANALYZER_NUMBER_OBJECT_CONVERSION = YES_AGGRESSIVE;
				CLANG_CXX_LANGUAGE_STANDARD = "gnu++14";
				CLANG_CXX_LIBRARY = "libc++";
				CLANG_ENABLE_MODULES = YES;
				CLANG_ENABLE_OBJC_ARC = YES;
				CLANG_ENABLE_OBJC_WEAK = YES;
				CLANG_WARN_BLOCK_CAPTURE_AUTORELEASING = YES;
				CLANG_WARN_BOOL_CONVERSION = YES;
				CLANG_WARN_COMMA = YES;
				CLANG_WARN_CONSTANT_CONVERSION = YES;
				CLANG_WARN_DEPRECATED_OBJC_IMPLEMENTATIONS = YES;
				CLANG_WARN_DIRECT_OBJC_ISA_USAGE = YES_ERROR;
				CLANG_WARN_DOCUMENTATION_COMMENTS = YES;
				CLANG_WARN_EMPTY_BODY = YES;
				CLANG_WARN_ENUM_CONVERSION = YES;
				CLANG_WARN_INFINITE_RECURSION = YES;
				CLANG_WARN_INT_CONVERSION = YES;
				CLANG_WARN_NON_LITERAL_NULL_CONVERSION = YES;
				CLANG_WARN_OBJC_IMPLICIT_RETAIN_SELF = YES;
				CLANG_WARN_OBJC_LITERAL_CONVERSION = YES;
				CLANG_WARN_OBJC_ROOT_CLASS = YES_ERROR;
				CLANG_WARN_QUOTED_INCLUDE_IN_FRAMEWORK_HEADER = YES;
				CLANG_WARN_RANGE_LOOP_ANALYSIS = YES;
				CLANG_WARN_STRICT_PROTOTYPES = YES;
				CLANG_WARN_SUSPICIOUS_MOVE = YES;
				CLANG_WARN_UNGUARDED_AVAILABILITY = YES_AGGRESSIVE;
				CLANG_WARN_UNREACHABLE_CODE = YES;
				CLANG_WARN__DUPLICATE_METHOD_MATCH = YES;
				COPY_PHASE_STRIP = NO;
				DEBUG_INFORMATION_FORMAT = dwarf;
				ENABLE_STRICT_OBJC_MSGSEND = YES;
				ENABLE_TESTABILITY = YES;
				GCC_C_LANGUAGE_STANDARD = gnu11;
				GCC_DYNAMIC_NO_PIC = NO;
				GCC_NO_COMMON_BLOCKS = YES;
				GCC_OPTIMIZATION_LEVEL = 0;
				GCC_PREPROCESSOR_DEFINITIONS = (
					"DEBUG=1",
					"$(inherited)",
				);
				GCC_WARN_64_TO_32_BIT_CONVERSION = YES;
				GCC_WARN_ABOUT_RETURN_TYPE = YES_ERROR;
				GCC_WARN_UNDECLARED_SELECTOR = YES;
				GCC_WARN_UNINITIALIZED_AUTOS = YES_AGGRESSIVE;
				GCC_WARN_UNUSED_FUNCTION = YES;
				GCC_WARN_UNUSED_VARIABLE = YES;
				IPHONEOS_DEPLOYMENT_TARGET = 14.5;
				MTL_ENABLE_DEBUG_INFO = INCLUDE_SOURCE;
				MTL_FAST_MATH = YES;
				ONLY_ACTIVE_ARCH = YES;
				SDKROOT = iphoneos;
				SWIFT_ACTIVE_COMPILATION_CONDITIONS = DEBUG;
				SWIFT_OPTIMIZATION_LEVEL = "-Onone";
			};
			name = Debug;
		};
		3BEE851126A8279100AFC101 /* Release */ = {
			isa = XCBuildConfiguration;
			buildSettings = {
				ALWAYS_SEARCH_USER_PATHS = NO;
				CLANG_ANALYZER_NONNULL = YES;
				CLANG_ANALYZER_NUMBER_OBJECT_CONVERSION = YES_AGGRESSIVE;
				CLANG_CXX_LANGUAGE_STANDARD = "gnu++14";
				CLANG_CXX_LIBRARY = "libc++";
				CLANG_ENABLE_MODULES = YES;
				CLANG_ENABLE_OBJC_ARC = YES;
				CLANG_ENABLE_OBJC_WEAK = YES;
				CLANG_WARN_BLOCK_CAPTURE_AUTORELEASING = YES;
				CLANG_WARN_BOOL_CONVERSION = YES;
				CLANG_WARN_COMMA = YES;
				CLANG_WARN_CONSTANT_CONVERSION = YES;
				CLANG_WARN_DEPRECATED_OBJC_IMPLEMENTATIONS = YES;
				CLANG_WARN_DIRECT_OBJC_ISA_USAGE = YES_ERROR;
				CLANG_WARN_DOCUMENTATION_COMMENTS = YES;
				CLANG_WARN_EMPTY_BODY = YES;
				CLANG_WARN_ENUM_CONVERSION = YES;
				CLANG_WARN_INFINITE_RECURSION = YES;
				CLANG_WARN_INT_CONVERSION = YES;
				CLANG_WARN_NON_LITERAL_NULL_CONVERSION = YES;
				CLANG_WARN_OBJC_IMPLICIT_RETAIN_SELF = YES;
				CLANG_WARN_OBJC_LITERAL_CONVERSION = YES;
				CLANG_WARN_OBJC_ROOT_CLASS = YES_ERROR;
				CLANG_WARN_QUOTED_INCLUDE_IN_FRAMEWORK_HEADER = YES;
				CLANG_WARN_RANGE_LOOP_ANALYSIS = YES;
				CLANG_WARN_STRICT_PROTOTYPES = YES;
				CLANG_WARN_SUSPICIOUS_MOVE = YES;
				CLANG_WARN_UNGUARDED_AVAILABILITY = YES_AGGRESSIVE;
				CLANG_WARN_UNREACHABLE_CODE = YES;
				CLANG_WARN__DUPLICATE_METHOD_MATCH = YES;
				COPY_PHASE_STRIP = NO;
				DEBUG_INFORMATION_FORMAT = "dwarf-with-dsym";
				ENABLE_NS_ASSERTIONS = NO;
				ENABLE_STRICT_OBJC_MSGSEND = YES;
				GCC_C_LANGUAGE_STANDARD = gnu11;
				GCC_NO_COMMON_BLOCKS = YES;
				GCC_WARN_64_TO_32_BIT_CONVERSION = YES;
				GCC_WARN_ABOUT_RETURN_TYPE = YES_ERROR;
				GCC_WARN_UNDECLARED_SELECTOR = YES;
				GCC_WARN_UNINITIALIZED_AUTOS = YES_AGGRESSIVE;
				GCC_WARN_UNUSED_FUNCTION = YES;
				GCC_WARN_UNUSED_VARIABLE = YES;
				IPHONEOS_DEPLOYMENT_TARGET = 14.5;
				MTL_ENABLE_DEBUG_INFO = NO;
				MTL_FAST_MATH = YES;
				SDKROOT = iphoneos;
				SWIFT_COMPILATION_MODE = wholemodule;
				SWIFT_OPTIMIZATION_LEVEL = "-O";
				VALIDATE_PRODUCT = YES;
			};
			name = Release;
		};
		3BEE851326A8279100AFC101 /* Debug */ = {
			isa = XCBuildConfiguration;
			buildSettings = {
				ASSETCATALOG_COMPILER_APPICON_NAME = AppIcon;
				ASSETCATALOG_COMPILER_GLOBAL_ACCENT_COLOR_NAME = AccentColor;
				CODE_SIGN_STYLE = Automatic;
				DEVELOPMENT_ASSET_PATHS = "\"Landmarks/Preview Content\"";
				DEVELOPMENT_TEAM = Y4XABUQ539;
				ENABLE_PREVIEWS = YES;
				INFOPLIST_FILE = Landmarks/Info.plist;
				IPHONEOS_DEPLOYMENT_TARGET = 14.0;
				LD_RUNPATH_SEARCH_PATHS = (
					"$(inherited)",
					"@executable_path/Frameworks",
				);
				PRODUCT_BUNDLE_IDENTIFIER = com.sujinnaljin.Landmarks;
				PRODUCT_NAME = "$(TARGET_NAME)";
				SWIFT_VERSION = 5.0;
				TARGETED_DEVICE_FAMILY = "1,2";
			};
			name = Debug;
		};
		3BEE851426A8279100AFC101 /* Release */ = {
			isa = XCBuildConfiguration;
			buildSettings = {
				ASSETCATALOG_COMPILER_APPICON_NAME = AppIcon;
				ASSETCATALOG_COMPILER_GLOBAL_ACCENT_COLOR_NAME = AccentColor;
				CODE_SIGN_STYLE = Automatic;
				DEVELOPMENT_ASSET_PATHS = "\"Landmarks/Preview Content\"";
				DEVELOPMENT_TEAM = Y4XABUQ539;
				ENABLE_PREVIEWS = YES;
				INFOPLIST_FILE = Landmarks/Info.plist;
				IPHONEOS_DEPLOYMENT_TARGET = 14.0;
				LD_RUNPATH_SEARCH_PATHS = (
					"$(inherited)",
					"@executable_path/Frameworks",
				);
				PRODUCT_BUNDLE_IDENTIFIER = com.sujinnaljin.Landmarks;
				PRODUCT_NAME = "$(TARGET_NAME)";
				SWIFT_VERSION = 5.0;
				TARGETED_DEVICE_FAMILY = "1,2";
			};
			name = Release;
		};
/* End XCBuildConfiguration section */

/* Begin XCConfigurationList section */
		3B0C9CA126B9812900842AFC /* Build configuration list for PBXNativeTarget "WatchLandmarks Extension" */ = {
			isa = XCConfigurationList;
			buildConfigurations = (
				3B0C9C9F26B9812900842AFC /* Debug */,
				3B0C9CA026B9812900842AFC /* Release */,
			);
			defaultConfigurationIsVisible = 0;
			defaultConfigurationName = Release;
		};
		3B0C9CA226B9812900842AFC /* Build configuration list for PBXNativeTarget "WatchLandmarks" */ = {
			isa = XCConfigurationList;
			buildConfigurations = (
				3B0C9C9C26B9812900842AFC /* Debug */,
				3B0C9C9D26B9812900842AFC /* Release */,
			);
			defaultConfigurationIsVisible = 0;
			defaultConfigurationName = Release;
		};
		3B21FBB726BADBE4009B28B0 /* Build configuration list for PBXNativeTarget "MacLandmarks" */ = {
			isa = XCConfigurationList;
			buildConfigurations = (
				3B21FBB526BADBE4009B28B0 /* Debug */,
				3B21FBB626BADBE4009B28B0 /* Release */,
			);
			defaultConfigurationIsVisible = 0;
			defaultConfigurationName = Release;
		};
		3BEE84FE26A8278F00AFC101 /* Build configuration list for PBXProject "Landmarks" */ = {
			isa = XCConfigurationList;
			buildConfigurations = (
				3BEE851026A8279100AFC101 /* Debug */,
				3BEE851126A8279100AFC101 /* Release */,
			);
			defaultConfigurationIsVisible = 0;
			defaultConfigurationName = Release;
		};
		3BEE851226A8279100AFC101 /* Build configuration list for PBXNativeTarget "Landmarks" */ = {
			isa = XCConfigurationList;
			buildConfigurations = (
				3BEE851326A8279100AFC101 /* Debug */,
				3BEE851426A8279100AFC101 /* Release */,
			);
			defaultConfigurationIsVisible = 0;
			defaultConfigurationName = Release;
		};
/* End XCConfigurationList section */
	};
	rootObject = 3BEE84FB26A8278F00AFC101 /* Project object */;
}
